// !$*UTF8*$!
{
	archiveVersion = 1;
	classes = {
	};
	objectVersion = 48;
	objects = {

/* Begin PBXBuildFile section */
		C201748E1BD5509D00E4FE18 /* Mapper.framework in Frameworks */ = {isa = PBXBuildFile; fileRef = C20174831BD5509D00E4FE18 /* Mapper.framework */; };
		C20586EC1CDEAD9900658A67 /* DefaultConvertible.swift in Sources */ = {isa = PBXBuildFile; fileRef = C20586EB1CDEAD9900658A67 /* DefaultConvertible.swift */; };
		C207F6E41D7F286700EBCC74 /* ConvertibleValueTests.swift in Sources */ = {isa = PBXBuildFile; fileRef = C207F6DB1D7F286700EBCC74 /* ConvertibleValueTests.swift */; };
		C207F6E51D7F286700EBCC74 /* CustomTransformationTests.swift in Sources */ = {isa = PBXBuildFile; fileRef = C207F6DC1D7F286700EBCC74 /* CustomTransformationTests.swift */; };
		C207F6E61D7F286700EBCC74 /* ErrorTests.swift in Sources */ = {isa = PBXBuildFile; fileRef = C207F6DD1D7F286700EBCC74 /* ErrorTests.swift */; };
		C207F6E71D7F286700EBCC74 /* InitializerTests.swift in Sources */ = {isa = PBXBuildFile; fileRef = C207F6DE1D7F286700EBCC74 /* InitializerTests.swift */; };
		C207F6E81D7F286700EBCC74 /* MappableValueTests.swift in Sources */ = {isa = PBXBuildFile; fileRef = C207F6DF1D7F286700EBCC74 /* MappableValueTests.swift */; };
		C207F6E91D7F286700EBCC74 /* NormalValueTests.swift in Sources */ = {isa = PBXBuildFile; fileRef = C207F6E01D7F286700EBCC74 /* NormalValueTests.swift */; };
		C207F6EA1D7F286700EBCC74 /* OptionalValueTests.swift in Sources */ = {isa = PBXBuildFile; fileRef = C207F6E11D7F286700EBCC74 /* OptionalValueTests.swift */; };
		C207F6EB1D7F286700EBCC74 /* RawRepresentibleValueTests.swift in Sources */ = {isa = PBXBuildFile; fileRef = C207F6E21D7F286700EBCC74 /* RawRepresentibleValueTests.swift */; };
		C207F6EC1D7F286700EBCC74 /* TransformTests.swift in Sources */ = {isa = PBXBuildFile; fileRef = C207F6E31D7F286700EBCC74 /* TransformTests.swift */; };
		C21F9CCE210FCF5F00761DDC /* Float+Convertible.swift in Sources */ = {isa = PBXBuildFile; fileRef = C21F9CCD210FCF5F00761DDC /* Float+Convertible.swift */; };
		C2B2A5761D3DE82700F7E7DE /* NSDictionary+Safety.swift in Sources */ = {isa = PBXBuildFile; fileRef = C2B2A5751D3DE82700F7E7DE /* NSDictionary+Safety.swift */; };
		C2BBD0C81DD430F400CB9F4E /* JSONSerializationIntegrationTests.swift in Sources */ = {isa = PBXBuildFile; fileRef = C2BBD0C61DD430AC00CB9F4E /* JSONSerializationIntegrationTests.swift */; };
		C2C036FA1C2B1A0B003FB853 /* Convertible.swift in Sources */ = {isa = PBXBuildFile; fileRef = C2C036F31C2B1A0B003FB853 /* Convertible.swift */; };
		C2C036FB1C2B1A0B003FB853 /* MapperError.swift in Sources */ = {isa = PBXBuildFile; fileRef = C2C036F41C2B1A0B003FB853 /* MapperError.swift */; };
		C2C036FC1C2B1A0B003FB853 /* Mappable.swift in Sources */ = {isa = PBXBuildFile; fileRef = C2C036F51C2B1A0B003FB853 /* Mappable.swift */; };
		C2C036FD1C2B1A0B003FB853 /* Mapper.swift in Sources */ = {isa = PBXBuildFile; fileRef = C2C036F61C2B1A0B003FB853 /* Mapper.swift */; };
		C2C036FE1C2B1A0B003FB853 /* URL+Convertible.swift in Sources */ = {isa = PBXBuildFile; fileRef = C2C036F71C2B1A0B003FB853 /* URL+Convertible.swift */; };
		C2C036FF1C2B1A0B003FB853 /* Transform+Dictionary.swift in Sources */ = {isa = PBXBuildFile; fileRef = C2C036F81C2B1A0B003FB853 /* Transform+Dictionary.swift */; };
		C2C037001C2B1A0B003FB853 /* Transform.swift in Sources */ = {isa = PBXBuildFile; fileRef = C2C036F91C2B1A0B003FB853 /* Transform.swift */; };
/* End PBXBuildFile section */

/* Begin PBXContainerItemProxy section */
		C201748F1BD5509D00E4FE18 /* PBXContainerItemProxy */ = {
			isa = PBXContainerItemProxy;
			containerPortal = C201747A1BD5509D00E4FE18 /* Project object */;
			proxyType = 1;
			remoteGlobalIDString = C20174821BD5509D00E4FE18;
			remoteInfo = Mapper;
		};
/* End PBXContainerItemProxy section */

/* Begin PBXFileReference section */
		C20174831BD5509D00E4FE18 /* Mapper.framework */ = {isa = PBXFileReference; explicitFileType = wrapper.framework; includeInIndex = 0; path = Mapper.framework; sourceTree = BUILT_PRODUCTS_DIR; };
		C201748D1BD5509D00E4FE18 /* MapperTests.xctest */ = {isa = PBXFileReference; explicitFileType = wrapper.cfbundle; includeInIndex = 0; path = MapperTests.xctest; sourceTree = BUILT_PRODUCTS_DIR; };
		C20586EB1CDEAD9900658A67 /* DefaultConvertible.swift */ = {isa = PBXFileReference; fileEncoding = 4; lastKnownFileType = sourcecode.swift; path = DefaultConvertible.swift; sourceTree = "<group>"; };
		C207F6DB1D7F286700EBCC74 /* ConvertibleValueTests.swift */ = {isa = PBXFileReference; fileEncoding = 4; lastKnownFileType = sourcecode.swift; path = ConvertibleValueTests.swift; sourceTree = "<group>"; };
		C207F6DC1D7F286700EBCC74 /* CustomTransformationTests.swift */ = {isa = PBXFileReference; fileEncoding = 4; lastKnownFileType = sourcecode.swift; path = CustomTransformationTests.swift; sourceTree = "<group>"; };
		C207F6DD1D7F286700EBCC74 /* ErrorTests.swift */ = {isa = PBXFileReference; fileEncoding = 4; lastKnownFileType = sourcecode.swift; path = ErrorTests.swift; sourceTree = "<group>"; };
		C207F6DE1D7F286700EBCC74 /* InitializerTests.swift */ = {isa = PBXFileReference; fileEncoding = 4; lastKnownFileType = sourcecode.swift; path = InitializerTests.swift; sourceTree = "<group>"; };
		C207F6DF1D7F286700EBCC74 /* MappableValueTests.swift */ = {isa = PBXFileReference; fileEncoding = 4; lastKnownFileType = sourcecode.swift; path = MappableValueTests.swift; sourceTree = "<group>"; };
		C207F6E01D7F286700EBCC74 /* NormalValueTests.swift */ = {isa = PBXFileReference; fileEncoding = 4; lastKnownFileType = sourcecode.swift; path = NormalValueTests.swift; sourceTree = "<group>"; };
		C207F6E11D7F286700EBCC74 /* OptionalValueTests.swift */ = {isa = PBXFileReference; fileEncoding = 4; lastKnownFileType = sourcecode.swift; path = OptionalValueTests.swift; sourceTree = "<group>"; };
		C207F6E21D7F286700EBCC74 /* RawRepresentibleValueTests.swift */ = {isa = PBXFileReference; fileEncoding = 4; lastKnownFileType = sourcecode.swift; path = RawRepresentibleValueTests.swift; sourceTree = "<group>"; };
		C207F6E31D7F286700EBCC74 /* TransformTests.swift */ = {isa = PBXFileReference; fileEncoding = 4; lastKnownFileType = sourcecode.swift; path = TransformTests.swift; sourceTree = "<group>"; };
		C21F9CCD210FCF5F00761DDC /* Float+Convertible.swift */ = {isa = PBXFileReference; lastKnownFileType = sourcecode.swift; path = "Float+Convertible.swift"; sourceTree = "<group>"; };
		C2B2A5751D3DE82700F7E7DE /* NSDictionary+Safety.swift */ = {isa = PBXFileReference; fileEncoding = 4; lastKnownFileType = sourcecode.swift; path = "NSDictionary+Safety.swift"; sourceTree = "<group>"; };
		C2BBD0C61DD430AC00CB9F4E /* JSONSerializationIntegrationTests.swift */ = {isa = PBXFileReference; fileEncoding = 4; lastKnownFileType = sourcecode.swift; path = JSONSerializationIntegrationTests.swift; sourceTree = "<group>"; };
		C2C036D11C2B180D003FB853 /* Info.plist */ = {isa = PBXFileReference; fileEncoding = 4; lastKnownFileType = text.plist.xml; path = Info.plist; sourceTree = "<group>"; };
		C2C036D41C2B180D003FB853 /* UniversalFramework_Base.xcconfig */ = {isa = PBXFileReference; fileEncoding = 4; lastKnownFileType = text.xcconfig; path = UniversalFramework_Base.xcconfig; sourceTree = "<group>"; };
		C2C036D51C2B180D003FB853 /* UniversalFramework_Framework.xcconfig */ = {isa = PBXFileReference; fileEncoding = 4; lastKnownFileType = text.xcconfig; path = UniversalFramework_Framework.xcconfig; sourceTree = "<group>"; };
		C2C036D61C2B180D003FB853 /* UniversalFramework_Test.xcconfig */ = {isa = PBXFileReference; fileEncoding = 4; lastKnownFileType = text.xcconfig; path = UniversalFramework_Test.xcconfig; sourceTree = "<group>"; };
		C2C036F31C2B1A0B003FB853 /* Convertible.swift */ = {isa = PBXFileReference; fileEncoding = 4; lastKnownFileType = sourcecode.swift; path = Convertible.swift; sourceTree = "<group>"; };
		C2C036F41C2B1A0B003FB853 /* MapperError.swift */ = {isa = PBXFileReference; fileEncoding = 4; lastKnownFileType = sourcecode.swift; path = MapperError.swift; sourceTree = "<group>"; };
		C2C036F51C2B1A0B003FB853 /* Mappable.swift */ = {isa = PBXFileReference; fileEncoding = 4; lastKnownFileType = sourcecode.swift; path = Mappable.swift; sourceTree = "<group>"; };
		C2C036F61C2B1A0B003FB853 /* Mapper.swift */ = {isa = PBXFileReference; fileEncoding = 4; lastKnownFileType = sourcecode.swift; path = Mapper.swift; sourceTree = "<group>"; };
		C2C036F71C2B1A0B003FB853 /* URL+Convertible.swift */ = {isa = PBXFileReference; fileEncoding = 4; lastKnownFileType = sourcecode.swift; path = "URL+Convertible.swift"; sourceTree = "<group>"; };
		C2C036F81C2B1A0B003FB853 /* Transform+Dictionary.swift */ = {isa = PBXFileReference; fileEncoding = 4; lastKnownFileType = sourcecode.swift; path = "Transform+Dictionary.swift"; sourceTree = "<group>"; };
		C2C036F91C2B1A0B003FB853 /* Transform.swift */ = {isa = PBXFileReference; fileEncoding = 4; lastKnownFileType = sourcecode.swift; path = Transform.swift; sourceTree = "<group>"; };
/* End PBXFileReference section */

/* Begin PBXFrameworksBuildPhase section */
		C201748A1BD5509D00E4FE18 /* Frameworks */ = {
			isa = PBXFrameworksBuildPhase;
			buildActionMask = 2147483647;
			files = (
				C201748E1BD5509D00E4FE18 /* Mapper.framework in Frameworks */,
			);
			runOnlyForDeploymentPostprocessing = 0;
		};
/* End PBXFrameworksBuildPhase section */

/* Begin PBXGroup section */
		C20174791BD5509D00E4FE18 = {
			isa = PBXGroup;
			children = (
				C2C036F21C2B1A0B003FB853 /* Sources */,
				C2C037011C2B1A14003FB853 /* Tests */,
				C2C036D01C2B180D003FB853 /* Resources */,
				C20174841BD5509D00E4FE18 /* Products */,
			);
			sourceTree = "<group>";
		};
		C20174841BD5509D00E4FE18 /* Products */ = {
			isa = PBXGroup;
			children = (
				C20174831BD5509D00E4FE18 /* Mapper.framework */,
				C201748D1BD5509D00E4FE18 /* MapperTests.xctest */,
			);
			name = Products;
			sourceTree = "<group>";
		};
		C207F6DA1D7F286700EBCC74 /* MapperTests */ = {
			isa = PBXGroup;
			children = (
				C207F6DB1D7F286700EBCC74 /* ConvertibleValueTests.swift */,
				C207F6DC1D7F286700EBCC74 /* CustomTransformationTests.swift */,
				C207F6DD1D7F286700EBCC74 /* ErrorTests.swift */,
				C207F6DE1D7F286700EBCC74 /* InitializerTests.swift */,
				C2BBD0C61DD430AC00CB9F4E /* JSONSerializationIntegrationTests.swift */,
				C207F6DF1D7F286700EBCC74 /* MappableValueTests.swift */,
				C207F6E01D7F286700EBCC74 /* NormalValueTests.swift */,
				C207F6E11D7F286700EBCC74 /* OptionalValueTests.swift */,
				C207F6E21D7F286700EBCC74 /* RawRepresentibleValueTests.swift */,
				C207F6E31D7F286700EBCC74 /* TransformTests.swift */,
			);
			path = MapperTests;
			sourceTree = "<group>";
		};
		C2C036D01C2B180D003FB853 /* Resources */ = {
			isa = PBXGroup;
			children = (
				C2C036D11C2B180D003FB853 /* Info.plist */,
				C2C036D21C2B180D003FB853 /* xcconfigs */,
			);
			path = Resources;
			sourceTree = "<group>";
		};
		C2C036D21C2B180D003FB853 /* xcconfigs */ = {
			isa = PBXGroup;
			children = (
				C2C036D41C2B180D003FB853 /* UniversalFramework_Base.xcconfig */,
				C2C036D51C2B180D003FB853 /* UniversalFramework_Framework.xcconfig */,
				C2C036D61C2B180D003FB853 /* UniversalFramework_Test.xcconfig */,
			);
			path = xcconfigs;
			sourceTree = "<group>";
		};
		C2C036F21C2B1A0B003FB853 /* Sources */ = {
			isa = PBXGroup;
			children = (
				C2C036F31C2B1A0B003FB853 /* Convertible.swift */,
				C20586EB1CDEAD9900658A67 /* DefaultConvertible.swift */,
				C21F9CCD210FCF5F00761DDC /* Float+Convertible.swift */,
				C2C036F51C2B1A0B003FB853 /* Mappable.swift */,
				C2C036F61C2B1A0B003FB853 /* Mapper.swift */,
				C2C036F41C2B1A0B003FB853 /* MapperError.swift */,
				C2B2A5751D3DE82700F7E7DE /* NSDictionary+Safety.swift */,
				C2C036F91C2B1A0B003FB853 /* Transform.swift */,
				C2C036F81C2B1A0B003FB853 /* Transform+Dictionary.swift */,
				C2C036F71C2B1A0B003FB853 /* URL+Convertible.swift */,
			);
			path = Sources;
			sourceTree = "<group>";
		};
		C2C037011C2B1A14003FB853 /* Tests */ = {
			isa = PBXGroup;
			children = (
				C207F6DA1D7F286700EBCC74 /* MapperTests */,
			);
			path = Tests;
			sourceTree = "<group>";
		};
/* End PBXGroup section */

/* Begin PBXNativeTarget section */
		C20174821BD5509D00E4FE18 /* Mapper */ = {
			isa = PBXNativeTarget;
			buildConfigurationList = C20174971BD5509D00E4FE18 /* Build configuration list for PBXNativeTarget "Mapper" */;
			buildPhases = (
				C201747E1BD5509D00E4FE18 /* Sources */,
			);
			buildRules = (
			);
			dependencies = (
			);
			name = Mapper;
			productName = Mapper;
			productReference = C20174831BD5509D00E4FE18 /* Mapper.framework */;
			productType = "com.apple.product-type.framework";
		};
		C201748C1BD5509D00E4FE18 /* MapperTests */ = {
			isa = PBXNativeTarget;
			buildConfigurationList = C201749A1BD5509D00E4FE18 /* Build configuration list for PBXNativeTarget "MapperTests" */;
			buildPhases = (
				C20174891BD5509D00E4FE18 /* Sources */,
				C201748A1BD5509D00E4FE18 /* Frameworks */,
			);
			buildRules = (
			);
			dependencies = (
				C20174901BD5509D00E4FE18 /* PBXTargetDependency */,
			);
			name = MapperTests;
			productName = MapperTests;
			productReference = C201748D1BD5509D00E4FE18 /* MapperTests.xctest */;
			productType = "com.apple.product-type.bundle.unit-test";
		};
/* End PBXNativeTarget section */

/* Begin PBXProject section */
		C201747A1BD5509D00E4FE18 /* Project object */ = {
			isa = PBXProject;
			attributes = {
				LastSwiftUpdateCheck = 0720;
				LastUpgradeCheck = 0900;
				ORGANIZATIONNAME = Lyft;
				TargetAttributes = {
					C20174821BD5509D00E4FE18 = {
						CreatedOnToolsVersion = 7.0;
						LastSwiftMigration = 0900;
					};
					C201748C1BD5509D00E4FE18 = {
						CreatedOnToolsVersion = 7.0;
						LastSwiftMigration = 0900;
					};
				};
			};
			buildConfigurationList = C201747D1BD5509D00E4FE18 /* Build configuration list for PBXProject "Mapper" */;
			compatibilityVersion = "Xcode 8.0";
			developmentRegion = English;
			hasScannedForEncodings = 0;
			knownRegions = (
				en,
			);
			mainGroup = C20174791BD5509D00E4FE18;
			productRefGroup = C20174841BD5509D00E4FE18 /* Products */;
			projectDirPath = "";
			projectRoot = "";
			targets = (
				C20174821BD5509D00E4FE18 /* Mapper */,
				C201748C1BD5509D00E4FE18 /* MapperTests */,
			);
		};
/* End PBXProject section */

/* Begin PBXSourcesBuildPhase section */
		C201747E1BD5509D00E4FE18 /* Sources */ = {
			isa = PBXSourcesBuildPhase;
			buildActionMask = 2147483647;
			files = (
				C21F9CCE210FCF5F00761DDC /* Float+Convertible.swift in Sources */,
				C2C036FF1C2B1A0B003FB853 /* Transform+Dictionary.swift in Sources */,
				C2C036FE1C2B1A0B003FB853 /* URL+Convertible.swift in Sources */,
				C2B2A5761D3DE82700F7E7DE /* NSDictionary+Safety.swift in Sources */,
				C2C036FD1C2B1A0B003FB853 /* Mapper.swift in Sources */,
				C2C037001C2B1A0B003FB853 /* Transform.swift in Sources */,
				C2C036FB1C2B1A0B003FB853 /* MapperError.swift in Sources */,
				C20586EC1CDEAD9900658A67 /* DefaultConvertible.swift in Sources */,
				C2C036FC1C2B1A0B003FB853 /* Mappable.swift in Sources */,
				C2C036FA1C2B1A0B003FB853 /* Convertible.swift in Sources */,
			);
			runOnlyForDeploymentPostprocessing = 0;
		};
		C20174891BD5509D00E4FE18 /* Sources */ = {
			isa = PBXSourcesBuildPhase;
			buildActionMask = 2147483647;
			files = (
				C207F6E71D7F286700EBCC74 /* InitializerTests.swift in Sources */,
				C207F6E41D7F286700EBCC74 /* ConvertibleValueTests.swift in Sources */,
				C207F6EB1D7F286700EBCC74 /* RawRepresentibleValueTests.swift in Sources */,
				C207F6EC1D7F286700EBCC74 /* TransformTests.swift in Sources */,
				C207F6E51D7F286700EBCC74 /* CustomTransformationTests.swift in Sources */,
				C207F6E81D7F286700EBCC74 /* MappableValueTests.swift in Sources */,
				C207F6EA1D7F286700EBCC74 /* OptionalValueTests.swift in Sources */,
				C2BBD0C81DD430F400CB9F4E /* JSONSerializationIntegrationTests.swift in Sources */,
				C207F6E91D7F286700EBCC74 /* NormalValueTests.swift in Sources */,
				C207F6E61D7F286700EBCC74 /* ErrorTests.swift in Sources */,
			);
			runOnlyForDeploymentPostprocessing = 0;
		};
/* End PBXSourcesBuildPhase section */

/* Begin PBXTargetDependency section */
		C20174901BD5509D00E4FE18 /* PBXTargetDependency */ = {
			isa = PBXTargetDependency;
			target = C20174821BD5509D00E4FE18 /* Mapper */;
			targetProxy = C201748F1BD5509D00E4FE18 /* PBXContainerItemProxy */;
		};
/* End PBXTargetDependency section */

/* Begin XCBuildConfiguration section */
		C20174951BD5509D00E4FE18 /* Debug */ = {
			isa = XCBuildConfiguration;
			buildSettings = {
				ALWAYS_SEARCH_USER_PATHS = NO;
				COPY_PHASE_STRIP = NO;
				CURRENT_PROJECT_VERSION = 1;
				DEBUG_INFORMATION_FORMAT = dwarf;
				IPHONEOS_DEPLOYMENT_TARGET = 8.0;
				ONLY_ACTIVE_ARCH = YES;
				SWIFT_OPTIMIZATION_LEVEL = "-Onone";
				SWIFT_VERSION = 3.0;
				VERSIONING_SYSTEM = "apple-generic";
				VERSION_INFO_PREFIX = "";
			};
			name = Debug;
		};
		C20174961BD5509D00E4FE18 /* Release */ = {
			isa = XCBuildConfiguration;
			buildSettings = {
				ALWAYS_SEARCH_USER_PATHS = NO;
				COPY_PHASE_STRIP = NO;
				CURRENT_PROJECT_VERSION = 1;
				DEBUG_INFORMATION_FORMAT = "dwarf-with-dsym";
				IPHONEOS_DEPLOYMENT_TARGET = 8.0;
				SWIFT_VERSION = 3.0;
				VALIDATE_PRODUCT = YES;
				VERSIONING_SYSTEM = "apple-generic";
				VERSION_INFO_PREFIX = "";
			};
			name = Release;
		};
		C20174981BD5509D00E4FE18 /* Debug */ = {
			isa = XCBuildConfiguration;
			baseConfigurationReference = C2C036D51C2B180D003FB853 /* UniversalFramework_Framework.xcconfig */;
			buildSettings = {
				APPLICATION_EXTENSION_API_ONLY = YES;
				DEFINES_MODULE = YES;
				DYLIB_COMPATIBILITY_VERSION = 1;
				DYLIB_CURRENT_VERSION = 1;
				DYLIB_INSTALL_NAME_BASE = "@rpath";
				INFOPLIST_FILE = Resources/Info.plist;
				IPHONEOS_DEPLOYMENT_TARGET = 8.0;
				MACOSX_DEPLOYMENT_TARGET = 10.10;
				PRODUCT_BUNDLE_IDENTIFIER = com.Lyft.Mapper;
				PRODUCT_NAME = Mapper;
				SKIP_INSTALL = YES;
				SWIFT_OPTIMIZATION_LEVEL = "-Onone";
				SWIFT_SWIFT3_OBJC_INFERENCE = Off;
				SWIFT_VERSION = 4.0;
				TVOS_DEPLOYMENT_TARGET = 9.0;
				WATCHOS_DEPLOYMENT_TARGET = 2.0;
			};
			name = Debug;
		};
		C20174991BD5509D00E4FE18 /* Release */ = {
			isa = XCBuildConfiguration;
			baseConfigurationReference = C2C036D51C2B180D003FB853 /* UniversalFramework_Framework.xcconfig */;
			buildSettings = {
				APPLICATION_EXTENSION_API_ONLY = YES;
				DEFINES_MODULE = YES;
				DYLIB_COMPATIBILITY_VERSION = 1;
				DYLIB_CURRENT_VERSION = 1;
				DYLIB_INSTALL_NAME_BASE = "@rpath";
				INFOPLIST_FILE = Resources/Info.plist;
				IPHONEOS_DEPLOYMENT_TARGET = 8.0;
				MACOSX_DEPLOYMENT_TARGET = 10.10;
				PRODUCT_BUNDLE_IDENTIFIER = com.Lyft.Mapper;
				PRODUCT_NAME = Mapper;
				SKIP_INSTALL = YES;
				SWIFT_OPTIMIZATION_LEVEL = "-Owholemodule";
				SWIFT_SWIFT3_OBJC_INFERENCE = Off;
				SWIFT_TREAT_WARNINGS_AS_ERRORS = YES;
				SWIFT_VERSION = 4.0;
				TVOS_DEPLOYMENT_TARGET = 9.0;
				WATCHOS_DEPLOYMENT_TARGET = 2.0;
			};
			name = Release;
		};
		C201749B1BD5509D00E4FE18 /* Debug */ = {
			isa = XCBuildConfiguration;
			baseConfigurationReference = C2C036D61C2B180D003FB853 /* UniversalFramework_Test.xcconfig */;
			buildSettings = {
				PRODUCT_BUNDLE_IDENTIFIER = com.Lyft.MapperTests;
				PRODUCT_NAME = "$(TARGET_NAME)";
				SWIFT_OPTIMIZATION_LEVEL = "-Onone";
				SWIFT_SWIFT3_OBJC_INFERENCE = Off;
				SWIFT_VERSION = 4.0;
			};
			name = Debug;
		};
		C201749C1BD5509D00E4FE18 /* Release */ = {
			isa = XCBuildConfiguration;
			baseConfigurationReference = C2C036D61C2B180D003FB853 /* UniversalFramework_Test.xcconfig */;
			buildSettings = {
				PRODUCT_BUNDLE_IDENTIFIER = com.Lyft.MapperTests;
				PRODUCT_NAME = "$(TARGET_NAME)";
				SWIFT_OPTIMIZATION_LEVEL = "-Owholemodule";
				SWIFT_SWIFT3_OBJC_INFERENCE = Off;
				SWIFT_TREAT_WARNINGS_AS_ERRORS = YES;
				SWIFT_VERSION = 4.0;
			};
			name = Release;
		};
/* End XCBuildConfiguration section */

/* Begin XCConfigurationList section */
		C201747D1BD5509D00E4FE18 /* Build configuration list for PBXProject "Mapper" */ = {
			isa = XCConfigurationList;
			buildConfigurations = (
				C20174951BD5509D00E4FE18 /* Debug */,
				C20174961BD5509D00E4FE18 /* Release */,
			);
			defaultConfigurationIsVisible = 0;
			defaultConfigurationName = Release;
		};
		C20174971BD5509D00E4FE18 /* Build configuration list for PBXNativeTarget "Mapper" */ = {
			isa = XCConfigurationList;
			buildConfigurations = (
				C20174981BD5509D00E4FE18 /* Debug */,
				C20174991BD5509D00E4FE18 /* Release */,
			);
			defaultConfigurationIsVisible = 0;
			defaultConfigurationName = Release;
		};
		C201749A1BD5509D00E4FE18 /* Build configuration list for PBXNativeTarget "MapperTests" */ = {
			isa = XCConfigurationList;
			buildConfigurations = (
				C201749B1BD5509D00E4FE18 /* Debug */,
				C201749C1BD5509D00E4FE18 /* Release */,
			);
			defaultConfigurationIsVisible = 0;
			defaultConfigurationName = Release;
		};
/* End XCConfigurationList section */
	};
	rootObject = C201747A1BD5509D00E4FE18 /* Project object */;
}
